PODS:
  - Alamofire (3.1.5)
  - Crashlytics (3.6.0):
    - Fabric (~> 1.6.3)
  - Fabric (1.6.4)
  - LTMorphingLabel (0.1.1)
  - RAMAnimatedTabBarController (1.0.6)

DEPENDENCIES:
  - Alamofire
  - Crashlytics
  - Fabric
  - LTMorphingLabel
  - RAMAnimatedTabBarController

SPEC CHECKSUMS:
  Alamofire: 5f730ba29fd113b7ddd71c1e65d0c630acf5d7b0
  Crashlytics: e4e8d02914f2608fbc7bf42b1a7af838b0db67a2
  Fabric: ed41fd62173c6bdea24ab02c9d7707161eabb750
  LTMorphingLabel: dfc40f43a0dcf81867b1f29431f34e861a5f1b35
  RAMAnimatedTabBarController: 1381b63e8c0a4e4c9c5e2d78472686d26bd006d9

PODFILE CHECKSUM: 3c5dd1b98b940127f1443b9fd0e56488358fce35

COCOAPODS: 1.0.0.beta.3
