PODS:
  - Alamofire (4.3.0)
  - AWSCore (2.4.16)
  - AWSS3 (2.4.16):
    - AWSCore (= 2.4.16)
  - Crashlytics (3.8.3):
    - Fabric (~> 1.6.3)
  - Dodo (7.0.0)
  - Fabric (1.6.11)
  - HanekeSwift (0.10.1)
  - RAMAnimatedTabBarController (2.1.1)
  - SwiftyGif (3.0.0)
  - SwiftyJSON (3.1.4)

DEPENDENCIES:
  - Alamofire
  - AWSS3
  - Crashlytics
  - Dodo
  - Fabric
  - HanekeSwift (from `https://github.com/Haneke/HanekeSwift.git`, branch `feature/swift-3`)
  - RAMAnimatedTabBarController
  - SwiftyGif
  - SwiftyJSON

EXTERNAL SOURCES:
  HanekeSwift:
    :branch: feature/swift-3
    :git: https://github.com/Haneke/HanekeSwift.git

CHECKOUT OPTIONS:
  HanekeSwift:
    :commit: 1157a124ec699f4ad926cb054f1d0bfce88ae7a9
    :git: https://github.com/Haneke/HanekeSwift.git

SPEC CHECKSUMS:
  Alamofire: 856a113053a7bc9cbe5d6367a555d773fc5cfef7
  AWSCore: 7c3c129991e6387bcbad7132bc3661e7135754db
  AWSS3: fef6aa8f8f625df8f67f1b6574fe761f3a4ddc99
  Crashlytics: 2b6dbe138a42395577cfa73dfa1aa7248cadf39e
  Dodo: c66cf87f905dfde6d2ff660835975694927cb694
  Fabric: 5911403591946b8228ab1c51d98f1d7137e863c6
  HanekeSwift: 4113367892828e7700d24a384027de6ebc79aad1
  RAMAnimatedTabBarController: 128e0d71dc802766de575a3c59c6fdcc8e2f921b
  SwiftyGif: d6b4d63de2a2a5134d8b54ba5719837319d77ef0
  SwiftyJSON: c2842d878f95482ffceec5709abc3d05680c0220

PODFILE CHECKSUM: dbbe7b64b971366f5072c9b20ff967ce8f89170c

COCOAPODS: 1.1.1
