// !$*UTF8*$!
{
	archiveVersion = 1;
	classes = {
	};
	objectVersion = 46;
	objects = {

/* Begin PBXBuildFile section */
		12471D3C1BD1810A00B86052 /* AppDelegate.swift in Sources */ = {isa = PBXBuildFile; fileRef = 12471D3B1BD1810A00B86052 /* AppDelegate.swift */; };
		12471D411BD1810A00B86052 /* Main.storyboard in Resources */ = {isa = PBXBuildFile; fileRef = 12471D3F1BD1810A00B86052 /* Main.storyboard */; };
		12471D431BD1810A00B86052 /* Assets.xcassets in Resources */ = {isa = PBXBuildFile; fileRef = 12471D421BD1810A00B86052 /* Assets.xcassets */; };
		12471D461BD1810B00B86052 /* LaunchScreen.storyboard in Resources */ = {isa = PBXBuildFile; fileRef = 12471D441BD1810B00B86052 /* LaunchScreen.storyboard */; };
		1252C08F1CC7861600264853 /* Contants.swift in Sources */ = {isa = PBXBuildFile; fileRef = 1252C08E1CC7861600264853 /* Contants.swift */; };
		12A2806E1CC28E2700E38EBD /* Extensions.swift in Sources */ = {isa = PBXBuildFile; fileRef = 12A2806D1CC28E2700E38EBD /* Extensions.swift */; };
		12A280751CC28E5800E38EBD /* Protocols.swift in Sources */ = {isa = PBXBuildFile; fileRef = 12A280731CC28E5800E38EBD /* Protocols.swift */; };
		12A280761CC28E5800E38EBD /* Services.swift in Sources */ = {isa = PBXBuildFile; fileRef = 12A280741CC28E5800E38EBD /* Services.swift */; };
		12A2807A1CC28EC500E38EBD /* DebugMessages.swift in Sources */ = {isa = PBXBuildFile; fileRef = 12A280791CC28EC500E38EBD /* DebugMessages.swift */; };
		12A2807C1CC28ED200E38EBD /* AlertMessagesFile.swift in Sources */ = {isa = PBXBuildFile; fileRef = 12A2807B1CC28ED200E38EBD /* AlertMessagesFile.swift */; };
		12A2807E1CC28F3D00E38EBD /* Exceptions.swift in Sources */ = {isa = PBXBuildFile; fileRef = 12A2807D1CC28F3D00E38EBD /* Exceptions.swift */; };
		12D0EEF91BD6EB0B006A2801 /* .gitignore in Resources */ = {isa = PBXBuildFile; fileRef = 12D0EEF81BD6EB0B006A2801 /* .gitignore */; };
		12DB29D01CBD646E00EA154A /* MapUtil.swift in Sources */ = {isa = PBXBuildFile; fileRef = 12DB29CE1CBD646E00EA154A /* MapUtil.swift */; };
		12DB29D11CBD646E00EA154A /* Util.swift in Sources */ = {isa = PBXBuildFile; fileRef = 12DB29CF1CBD646E00EA154A /* Util.swift */; };
		12DB29D51CBD655800EA154A /* User.swift in Sources */ = {isa = PBXBuildFile; fileRef = 12DB29D41CBD655800EA154A /* User.swift */; };
		12DB29D71CBD664F00EA154A /* Report.swift in Sources */ = {isa = PBXBuildFile; fileRef = 12DB29D61CBD664F00EA154A /* Report.swift */; };
		12DB29D91CBD66E100EA154A /* AppVC.swift in Sources */ = {isa = PBXBuildFile; fileRef = 12DB29D81CBD66E100EA154A /* AppVC.swift */; };
		12DE6AEB1CBD5EC2007F1A27 /* DashboardVC.swift in Sources */ = {isa = PBXBuildFile; fileRef = 12DE6AE41CBD5EC2007F1A27 /* DashboardVC.swift */; };
		12DE6AEC1CBD5EC2007F1A27 /* LoginVC.swift in Sources */ = {isa = PBXBuildFile; fileRef = 12DE6AE51CBD5EC2007F1A27 /* LoginVC.swift */; };
		12DE6AED1CBD5EC2007F1A27 /* MapVC.swift in Sources */ = {isa = PBXBuildFile; fileRef = 12DE6AE61CBD5EC2007F1A27 /* MapVC.swift */; };
		12DE6AEE1CBD5EC2007F1A27 /* ProfileVC.swift in Sources */ = {isa = PBXBuildFile; fileRef = 12DE6AE71CBD5EC2007F1A27 /* ProfileVC.swift */; };
		12DE6AEF1CBD5EC2007F1A27 /* ReportVC.swift in Sources */ = {isa = PBXBuildFile; fileRef = 12DE6AE81CBD5EC2007F1A27 /* ReportVC.swift */; };
		12DE6AF01CBD5EC2007F1A27 /* SettingsVC.swift in Sources */ = {isa = PBXBuildFile; fileRef = 12DE6AE91CBD5EC2007F1A27 /* SettingsVC.swift */; };
		12DE6AF11CBD5EC2007F1A27 /* SignUpVC.swift in Sources */ = {isa = PBXBuildFile; fileRef = 12DE6AEA1CBD5EC2007F1A27 /* SignUpVC.swift */; };
		9F6C0D5E7299AD84093DAAE2 /* Pods_Smart_Citizen.framework in Frameworks */ = {isa = PBXBuildFile; fileRef = 50D34D1A2E796953B07DDBF5 /* Pods_Smart_Citizen.framework */; };
/* End PBXBuildFile section */

/* Begin PBXFileReference section */
		12471D381BD1810A00B86052 /* Smart Citizen.app */ = {isa = PBXFileReference; explicitFileType = wrapper.application; includeInIndex = 0; path = "Smart Citizen.app"; sourceTree = BUILT_PRODUCTS_DIR; };
		12471D3B1BD1810A00B86052 /* AppDelegate.swift */ = {isa = PBXFileReference; lastKnownFileType = sourcecode.swift; path = AppDelegate.swift; sourceTree = "<group>"; };
		12471D401BD1810A00B86052 /* Base */ = {isa = PBXFileReference; lastKnownFileType = file.storyboard; name = Base; path = Base.lproj/Main.storyboard; sourceTree = "<group>"; };
		12471D421BD1810A00B86052 /* Assets.xcassets */ = {isa = PBXFileReference; lastKnownFileType = folder.assetcatalog; path = Assets.xcassets; sourceTree = "<group>"; };
		12471D451BD1810B00B86052 /* Base */ = {isa = PBXFileReference; lastKnownFileType = file.storyboard; name = Base; path = Base.lproj/LaunchScreen.storyboard; sourceTree = "<group>"; };
		12471D471BD1810B00B86052 /* Info.plist */ = {isa = PBXFileReference; lastKnownFileType = text.plist.xml; name = Info.plist; path = "Smart Citizen/Info.plist"; sourceTree = "<group>"; };
		1252C08E1CC7861600264853 /* Contants.swift */ = {isa = PBXFileReference; fileEncoding = 4; lastKnownFileType = sourcecode.swift; name = Contants.swift; path = Core/Contants.swift; sourceTree = "<group>"; };
		12A2806D1CC28E2700E38EBD /* Extensions.swift */ = {isa = PBXFileReference; fileEncoding = 4; lastKnownFileType = sourcecode.swift; name = Extensions.swift; path = Core/Extensions.swift; sourceTree = "<group>"; };
		12A280731CC28E5800E38EBD /* Protocols.swift */ = {isa = PBXFileReference; fileEncoding = 4; lastKnownFileType = sourcecode.swift; name = Protocols.swift; path = Core/Protocols.swift; sourceTree = "<group>"; };
		12A280741CC28E5800E38EBD /* Services.swift */ = {isa = PBXFileReference; fileEncoding = 4; lastKnownFileType = sourcecode.swift; name = Services.swift; path = Core/Services.swift; sourceTree = "<group>"; };
		12A280791CC28EC500E38EBD /* DebugMessages.swift */ = {isa = PBXFileReference; fileEncoding = 4; lastKnownFileType = sourcecode.swift; name = DebugMessages.swift; path = Core/DebugMessages.swift; sourceTree = "<group>"; };
		12A2807B1CC28ED200E38EBD /* AlertMessagesFile.swift */ = {isa = PBXFileReference; fileEncoding = 4; lastKnownFileType = sourcecode.swift; name = AlertMessagesFile.swift; path = Core/AlertMessagesFile.swift; sourceTree = "<group>"; };
		12A2807D1CC28F3D00E38EBD /* Exceptions.swift */ = {isa = PBXFileReference; fileEncoding = 4; lastKnownFileType = sourcecode.swift; name = Exceptions.swift; path = Core/Exceptions.swift; sourceTree = "<group>"; };
		12D0EEF81BD6EB0B006A2801 /* .gitignore */ = {isa = PBXFileReference; fileEncoding = 4; lastKnownFileType = text; path = .gitignore; sourceTree = "<group>"; };
		12D0EEFC1BD6EBA6006A2801 /* README.md */ = {isa = PBXFileReference; fileEncoding = 4; lastKnownFileType = net.daringfireball.markdown; path = README.md; sourceTree = "<group>"; };
		12DB29CC1CBD635100EA154A /* Garden.playground */ = {isa = PBXFileReference; lastKnownFileType = file.playground; path = Garden.playground; sourceTree = "<group>"; };
		12DB29CE1CBD646E00EA154A /* MapUtil.swift */ = {isa = PBXFileReference; fileEncoding = 4; lastKnownFileType = sourcecode.swift; name = MapUtil.swift; path = Util/MapUtil.swift; sourceTree = "<group>"; };
		12DB29CF1CBD646E00EA154A /* Util.swift */ = {isa = PBXFileReference; fileEncoding = 4; lastKnownFileType = sourcecode.swift; name = Util.swift; path = Util/Util.swift; sourceTree = "<group>"; };
		12DB29D41CBD655800EA154A /* User.swift */ = {isa = PBXFileReference; fileEncoding = 4; lastKnownFileType = sourcecode.swift; name = User.swift; path = Model/User.swift; sourceTree = "<group>"; };
		12DB29D61CBD664F00EA154A /* Report.swift */ = {isa = PBXFileReference; fileEncoding = 4; lastKnownFileType = sourcecode.swift; name = Report.swift; path = Model/Report.swift; sourceTree = "<group>"; };
		12DB29D81CBD66E100EA154A /* AppVC.swift */ = {isa = PBXFileReference; fileEncoding = 4; lastKnownFileType = sourcecode.swift; name = AppVC.swift; path = Controller/AppVC.swift; sourceTree = "<group>"; };
		12DE6AE41CBD5EC2007F1A27 /* DashboardVC.swift */ = {isa = PBXFileReference; fileEncoding = 4; lastKnownFileType = sourcecode.swift; name = DashboardVC.swift; path = Controller/VC/DashboardVC.swift; sourceTree = "<group>"; };
		12DE6AE51CBD5EC2007F1A27 /* LoginVC.swift */ = {isa = PBXFileReference; fileEncoding = 4; lastKnownFileType = sourcecode.swift; name = LoginVC.swift; path = Controller/VC/LoginVC.swift; sourceTree = "<group>"; };
		12DE6AE61CBD5EC2007F1A27 /* MapVC.swift */ = {isa = PBXFileReference; fileEncoding = 4; lastKnownFileType = sourcecode.swift; name = MapVC.swift; path = Controller/VC/MapVC.swift; sourceTree = "<group>"; };
		12DE6AE71CBD5EC2007F1A27 /* ProfileVC.swift */ = {isa = PBXFileReference; fileEncoding = 4; lastKnownFileType = sourcecode.swift; name = ProfileVC.swift; path = Controller/VC/ProfileVC.swift; sourceTree = "<group>"; };
		12DE6AE81CBD5EC2007F1A27 /* ReportVC.swift */ = {isa = PBXFileReference; fileEncoding = 4; lastKnownFileType = sourcecode.swift; name = ReportVC.swift; path = Controller/VC/ReportVC.swift; sourceTree = "<group>"; };
		12DE6AE91CBD5EC2007F1A27 /* SettingsVC.swift */ = {isa = PBXFileReference; fileEncoding = 4; lastKnownFileType = sourcecode.swift; name = SettingsVC.swift; path = Controller/VC/SettingsVC.swift; sourceTree = "<group>"; };
		12DE6AEA1CBD5EC2007F1A27 /* SignUpVC.swift */ = {isa = PBXFileReference; fileEncoding = 4; lastKnownFileType = sourcecode.swift; name = SignUpVC.swift; path = Controller/VC/SignUpVC.swift; sourceTree = "<group>"; };
		50D34D1A2E796953B07DDBF5 /* Pods_Smart_Citizen.framework */ = {isa = PBXFileReference; explicitFileType = wrapper.framework; includeInIndex = 0; path = Pods_Smart_Citizen.framework; sourceTree = BUILT_PRODUCTS_DIR; };
		854FCD053DEF9FF5B7F39C13 /* Pods-Smart Citizen.debug.xcconfig */ = {isa = PBXFileReference; includeInIndex = 1; lastKnownFileType = text.xcconfig; name = "Pods-Smart Citizen.debug.xcconfig"; path = "Pods/Target Support Files/Pods-Smart Citizen/Pods-Smart Citizen.debug.xcconfig"; sourceTree = "<group>"; };
		8E8905E275882DD137000AC6 /* Pods-Smart Citizen.release.xcconfig */ = {isa = PBXFileReference; includeInIndex = 1; lastKnownFileType = text.xcconfig; name = "Pods-Smart Citizen.release.xcconfig"; path = "Pods/Target Support Files/Pods-Smart Citizen/Pods-Smart Citizen.release.xcconfig"; sourceTree = "<group>"; };
/* End PBXFileReference section */

/* Begin PBXFrameworksBuildPhase section */
		12471D351BD1810A00B86052 /* Frameworks */ = {
			isa = PBXFrameworksBuildPhase;
			buildActionMask = 2147483647;
			files = (
				9F6C0D5E7299AD84093DAAE2 /* Pods_Smart_Citizen.framework in Frameworks */,
			);
			runOnlyForDeploymentPostprocessing = 0;
		};
/* End PBXFrameworksBuildPhase section */

/* Begin PBXGroup section */
		12471D2F1BD1810A00B86052 = {
			isa = PBXGroup;
			children = (
				12471D3A1BD1810A00B86052 /* Smart Citizen */,
				12471D391BD1810A00B86052 /* Products */,
				EB83EDFF0EAD01559913EEBA /* Pods */,
				7BE7C00C04BEE321EF97A529 /* Frameworks */,
			);
			sourceTree = "<group>";
		};
		12471D391BD1810A00B86052 /* Products */ = {
			isa = PBXGroup;
			children = (
				12471D381BD1810A00B86052 /* Smart Citizen.app */,
			);
			name = Products;
			sourceTree = "<group>";
		};
		12471D3A1BD1810A00B86052 /* Smart Citizen */ = {
			isa = PBXGroup;
			children = (
				12D0EEFA1BD6EB37006A2801 /* Controller */,
				12D0EEFE1BD6EBC3006A2801 /* Core */,
				12D0EEFB1BD6EB42006A2801 /* Model */,
				12DB29CD1CBD641A00EA154A /* Util */,
				12DE6AF21CBD5F28007F1A27 /* View */,
				12471D3B1BD1810A00B86052 /* AppDelegate.swift */,
				12471D3F1BD1810A00B86052 /* Main.storyboard */,
				12471D421BD1810A00B86052 /* Assets.xcassets */,
				12471D441BD1810B00B86052 /* LaunchScreen.storyboard */,
				12D0EEF71BD6EA34006A2801 /* Support */,
			);
			path = "Smart Citizen";
			sourceTree = "<group>";
		};
		12D0EEF71BD6EA34006A2801 /* Support */ = {
			isa = PBXGroup;
			children = (
				12D0EEF81BD6EB0B006A2801 /* .gitignore */,
				12471D471BD1810B00B86052 /* Info.plist */,
				12D0EEFC1BD6EBA6006A2801 /* README.md */,
				12DB29CC1CBD635100EA154A /* Garden.playground */,
			);
			name = Support;
			path = ..;
			sourceTree = "<group>";
		};
		12D0EEFA1BD6EB37006A2801 /* Controller */ = {
			isa = PBXGroup;
			children = (
				12DB29D81CBD66E100EA154A /* AppVC.swift */,
				12DE6AE31CBD5E9F007F1A27 /* CC */,
				12DE6AE21CBD5E93007F1A27 /* VC */,
			);
			name = Controller;
			sourceTree = "<group>";
		};
		12D0EEFB1BD6EB42006A2801 /* Model */ = {
			isa = PBXGroup;
			children = (
				12DB29D41CBD655800EA154A /* User.swift */,
				12DB29D61CBD664F00EA154A /* Report.swift */,
			);
			name = Model;
			sourceTree = "<group>";
		};
		12D0EEFE1BD6EBC3006A2801 /* Core */ = {
			isa = PBXGroup;
			children = (
				12A2807B1CC28ED200E38EBD /* AlertMessagesFile.swift */,
				1252C08E1CC7861600264853 /* Contants.swift */,
				12A280791CC28EC500E38EBD /* DebugMessages.swift */,
				12A2807D1CC28F3D00E38EBD /* Exceptions.swift */,
				12A2806D1CC28E2700E38EBD /* Extensions.swift */,
				12A280731CC28E5800E38EBD /* Protocols.swift */,
				12A280741CC28E5800E38EBD /* Services.swift */,
			);
			name = Core;
			sourceTree = "<group>";
		};
		12DB29CD1CBD641A00EA154A /* Util */ = {
			isa = PBXGroup;
			children = (
				12DB29CE1CBD646E00EA154A /* MapUtil.swift */,
				12DB29CF1CBD646E00EA154A /* Util.swift */,
			);
			name = Util;
			sourceTree = "<group>";
		};
		12DE6AE21CBD5E93007F1A27 /* VC */ = {
			isa = PBXGroup;
			children = (
				12DE6AE41CBD5EC2007F1A27 /* DashboardVC.swift */,
				12DE6AE51CBD5EC2007F1A27 /* LoginVC.swift */,
				12DE6AE61CBD5EC2007F1A27 /* MapVC.swift */,
				12DE6AE71CBD5EC2007F1A27 /* ProfileVC.swift */,
				12DE6AE81CBD5EC2007F1A27 /* ReportVC.swift */,
				12DE6AE91CBD5EC2007F1A27 /* SettingsVC.swift */,
				12DE6AEA1CBD5EC2007F1A27 /* SignUpVC.swift */,
			);
			name = VC;
			sourceTree = "<group>";
		};
		12DE6AE31CBD5E9F007F1A27 /* CC */ = {
			isa = PBXGroup;
			children = (
			);
			name = CC;
			sourceTree = "<group>";
		};
		12DE6AF21CBD5F28007F1A27 /* View */ = {
			isa = PBXGroup;
			children = (
			);
			name = View;
			sourceTree = "<group>";
		};
		7BE7C00C04BEE321EF97A529 /* Frameworks */ = {
			isa = PBXGroup;
			children = (
				50D34D1A2E796953B07DDBF5 /* Pods_Smart_Citizen.framework */,
			);
			name = Frameworks;
			sourceTree = "<group>";
		};
		EB83EDFF0EAD01559913EEBA /* Pods */ = {
			isa = PBXGroup;
			children = (
				854FCD053DEF9FF5B7F39C13 /* Pods-Smart Citizen.debug.xcconfig */,
				8E8905E275882DD137000AC6 /* Pods-Smart Citizen.release.xcconfig */,
			);
			name = Pods;
			sourceTree = "<group>";
		};
/* End PBXGroup section */

/* Begin PBXNativeTarget section */
		12471D371BD1810A00B86052 /* Smart Citizen */ = {
			isa = PBXNativeTarget;
			buildConfigurationList = 12471D4A1BD1810B00B86052 /* Build configuration list for PBXNativeTarget "Smart Citizen" */;
			buildPhases = (
				0727FB3981EA29684AB8CC82 /* Check Pods Manifest.lock */,
				12471D341BD1810A00B86052 /* Sources */,
				12471D351BD1810A00B86052 /* Frameworks */,
				12471D361BD1810A00B86052 /* Resources */,
				0C4B34536D4E6CCB82057DF5 /* Embed Pods Frameworks */,
				CEAA26B8205D6B46E25C9DED /* Copy Pods Resources */,
				1205DCD61C55177600B93EDC /* ShellScript */,
			);
			buildRules = (
			);
			dependencies = (
			);
			name = "Smart Citizen";
			productName = "Smart Citizen";
			productReference = 12471D381BD1810A00B86052 /* Smart Citizen.app */;
			productType = "com.apple.product-type.application";
		};
/* End PBXNativeTarget section */

/* Begin PBXProject section */
		12471D301BD1810A00B86052 /* Project object */ = {
			isa = PBXProject;
			attributes = {
				LastUpgradeCheck = 0700;
				ORGANIZATIONNAME = "Mustafa Hastürk";
				TargetAttributes = {
					12471D371BD1810A00B86052 = {
						CreatedOnToolsVersion = 7.0.1;
						DevelopmentTeam = A77EMFAA87;
					};
				};
			};
			buildConfigurationList = 12471D331BD1810A00B86052 /* Build configuration list for PBXProject "Smart Citizen" */;
			compatibilityVersion = "Xcode 3.2";
			developmentRegion = English;
			hasScannedForEncodings = 0;
			knownRegions = (
				en,
				Base,
			);
			mainGroup = 12471D2F1BD1810A00B86052;
			productRefGroup = 12471D391BD1810A00B86052 /* Products */;
			projectDirPath = "";
			projectRoot = "";
			targets = (
				12471D371BD1810A00B86052 /* Smart Citizen */,
			);
		};
/* End PBXProject section */

/* Begin PBXResourcesBuildPhase section */
		12471D361BD1810A00B86052 /* Resources */ = {
			isa = PBXResourcesBuildPhase;
			buildActionMask = 2147483647;
			files = (
				12D0EEF91BD6EB0B006A2801 /* .gitignore in Resources */,
				12471D461BD1810B00B86052 /* LaunchScreen.storyboard in Resources */,
				12471D431BD1810A00B86052 /* Assets.xcassets in Resources */,
				12471D411BD1810A00B86052 /* Main.storyboard in Resources */,
			);
			runOnlyForDeploymentPostprocessing = 0;
		};
/* End PBXResourcesBuildPhase section */

/* Begin PBXShellScriptBuildPhase section */
		0727FB3981EA29684AB8CC82 /* Check Pods Manifest.lock */ = {
			isa = PBXShellScriptBuildPhase;
			buildActionMask = 2147483647;
			files = (
			);
			inputPaths = (
			);
			name = "Check Pods Manifest.lock";
			outputPaths = (
			);
			runOnlyForDeploymentPostprocessing = 0;
			shellPath = /bin/sh;
			shellScript = "diff \"${PODS_ROOT}/../Podfile.lock\" \"${PODS_ROOT}/Manifest.lock\" > /dev/null\nif [[ $? != 0 ]] ; then\n    cat << EOM\nerror: The sandbox is not in sync with the Podfile.lock. Run 'pod install' or update your CocoaPods installation.\nEOM\n    exit 1\nfi\n";
			showEnvVarsInLog = 0;
		};
		0C4B34536D4E6CCB82057DF5 /* Embed Pods Frameworks */ = {
			isa = PBXShellScriptBuildPhase;
			buildActionMask = 2147483647;
			files = (
			);
			inputPaths = (
			);
			name = "Embed Pods Frameworks";
			outputPaths = (
			);
			runOnlyForDeploymentPostprocessing = 0;
			shellPath = /bin/sh;
			shellScript = "\"${SRCROOT}/Pods/Target Support Files/Pods-Smart Citizen/Pods-Smart Citizen-frameworks.sh\"\n";
			showEnvVarsInLog = 0;
		};
		1205DCD61C55177600B93EDC /* ShellScript */ = {
			isa = PBXShellScriptBuildPhase;
			buildActionMask = 2147483647;
			files = (
			);
			inputPaths = (
			);
			outputPaths = (
			);
			runOnlyForDeploymentPostprocessing = 0;
			shellPath = /bin/sh;
			shellScript = "\"${PODS_ROOT}/Fabric/run\" eacb0295472d98d4f2a073a82aa2e74570715a24 d58452f96f03160d10d4541a837927f64ddce11c95f04e5422ec9fed2157dc4d\n";
		};
		CEAA26B8205D6B46E25C9DED /* Copy Pods Resources */ = {
			isa = PBXShellScriptBuildPhase;
			buildActionMask = 2147483647;
			files = (
			);
			inputPaths = (
			);
			name = "Copy Pods Resources";
			outputPaths = (
			);
			runOnlyForDeploymentPostprocessing = 0;
			shellPath = /bin/sh;
			shellScript = "\"${SRCROOT}/Pods/Target Support Files/Pods-Smart Citizen/Pods-Smart Citizen-resources.sh\"\n";
			showEnvVarsInLog = 0;
		};
/* End PBXShellScriptBuildPhase section */

/* Begin PBXSourcesBuildPhase section */
		12471D341BD1810A00B86052 /* Sources */ = {
			isa = PBXSourcesBuildPhase;
			buildActionMask = 2147483647;
			files = (
				12A280751CC28E5800E38EBD /* Protocols.swift in Sources */,
				12A2807E1CC28F3D00E38EBD /* Exceptions.swift in Sources */,
				12471D3C1BD1810A00B86052 /* AppDelegate.swift in Sources */,
				12DE6AED1CBD5EC2007F1A27 /* MapVC.swift in Sources */,
				12A2807C1CC28ED200E38EBD /* AlertMessagesFile.swift in Sources */,
				12DE6AEE1CBD5EC2007F1A27 /* ProfileVC.swift in Sources */,
				12DE6AEB1CBD5EC2007F1A27 /* DashboardVC.swift in Sources */,
				1252C08F1CC7861600264853 /* Contants.swift in Sources */,
				12DB29D01CBD646E00EA154A /* MapUtil.swift in Sources */,
				12DB29D91CBD66E100EA154A /* AppVC.swift in Sources */,
				12DE6AEF1CBD5EC2007F1A27 /* ReportVC.swift in Sources */,
				12DE6AEC1CBD5EC2007F1A27 /* LoginVC.swift in Sources */,
				12DB29D11CBD646E00EA154A /* Util.swift in Sources */,
				12DE6AF11CBD5EC2007F1A27 /* SignUpVC.swift in Sources */,
				12A2807A1CC28EC500E38EBD /* DebugMessages.swift in Sources */,
				12DE6AF01CBD5EC2007F1A27 /* SettingsVC.swift in Sources */,
				12DB29D51CBD655800EA154A /* User.swift in Sources */,
				12A280761CC28E5800E38EBD /* Services.swift in Sources */,
				12DB29D71CBD664F00EA154A /* Report.swift in Sources */,
				12A2806E1CC28E2700E38EBD /* Extensions.swift in Sources */,
			);
			runOnlyForDeploymentPostprocessing = 0;
		};
/* End PBXSourcesBuildPhase section */

/* Begin PBXVariantGroup section */
		12471D3F1BD1810A00B86052 /* Main.storyboard */ = {
			isa = PBXVariantGroup;
			children = (
				12471D401BD1810A00B86052 /* Base */,
			);
			name = Main.storyboard;
			sourceTree = "<group>";
		};
		12471D441BD1810B00B86052 /* LaunchScreen.storyboard */ = {
			isa = PBXVariantGroup;
			children = (
				12471D451BD1810B00B86052 /* Base */,
			);
			name = LaunchScreen.storyboard;
			sourceTree = "<group>";
		};
/* End PBXVariantGroup section */

/* Begin XCBuildConfiguration section */
		12471D481BD1810B00B86052 /* Debug */ = {
			isa = XCBuildConfiguration;
			buildSettings = {
				ALWAYS_SEARCH_USER_PATHS = NO;
				CLANG_CXX_LANGUAGE_STANDARD = "gnu++0x";
				CLANG_CXX_LIBRARY = "libc++";
				CLANG_ENABLE_MODULES = YES;
				CLANG_ENABLE_OBJC_ARC = YES;
				CLANG_WARN_BOOL_CONVERSION = YES;
				CLANG_WARN_CONSTANT_CONVERSION = YES;
				CLANG_WARN_DIRECT_OBJC_ISA_USAGE = YES_ERROR;
				CLANG_WARN_EMPTY_BODY = YES;
				CLANG_WARN_ENUM_CONVERSION = YES;
				CLANG_WARN_INT_CONVERSION = YES;
				CLANG_WARN_OBJC_ROOT_CLASS = YES_ERROR;
				CLANG_WARN_UNREACHABLE_CODE = YES;
				CLANG_WARN__DUPLICATE_METHOD_MATCH = YES;
				"CODE_SIGN_IDENTITY[sdk=iphoneos*]" = "iPhone Developer";
				COPY_PHASE_STRIP = NO;
				DEBUG_INFORMATION_FORMAT = dwarf;
				ENABLE_STRICT_OBJC_MSGSEND = YES;
				ENABLE_TESTABILITY = YES;
				GCC_C_LANGUAGE_STANDARD = gnu99;
				GCC_DYNAMIC_NO_PIC = NO;
				GCC_NO_COMMON_BLOCKS = YES;
				GCC_OPTIMIZATION_LEVEL = 0;
				GCC_PREPROCESSOR_DEFINITIONS = (
					"DEBUG=1",
					"$(inherited)",
				);
				GCC_WARN_64_TO_32_BIT_CONVERSION = YES;
				GCC_WARN_ABOUT_RETURN_TYPE = YES_ERROR;
				GCC_WARN_UNDECLARED_SELECTOR = YES;
				GCC_WARN_UNINITIALIZED_AUTOS = YES_AGGRESSIVE;
				GCC_WARN_UNUSED_FUNCTION = YES;
				GCC_WARN_UNUSED_VARIABLE = YES;
				IPHONEOS_DEPLOYMENT_TARGET = 9.1;
				MTL_ENABLE_DEBUG_INFO = YES;
				ONLY_ACTIVE_ARCH = YES;
				SDKROOT = iphoneos;
				SWIFT_OPTIMIZATION_LEVEL = "-Onone";
			};
			name = Debug;
		};
		12471D491BD1810B00B86052 /* Release */ = {
			isa = XCBuildConfiguration;
			buildSettings = {
				ALWAYS_SEARCH_USER_PATHS = NO;
				CLANG_CXX_LANGUAGE_STANDARD = "gnu++0x";
				CLANG_CXX_LIBRARY = "libc++";
				CLANG_ENABLE_MODULES = YES;
				CLANG_ENABLE_OBJC_ARC = YES;
				CLANG_WARN_BOOL_CONVERSION = YES;
				CLANG_WARN_CONSTANT_CONVERSION = YES;
				CLANG_WARN_DIRECT_OBJC_ISA_USAGE = YES_ERROR;
				CLANG_WARN_EMPTY_BODY = YES;
				CLANG_WARN_ENUM_CONVERSION = YES;
				CLANG_WARN_INT_CONVERSION = YES;
				CLANG_WARN_OBJC_ROOT_CLASS = YES_ERROR;
				CLANG_WARN_UNREACHABLE_CODE = YES;
				CLANG_WARN__DUPLICATE_METHOD_MATCH = YES;
				"CODE_SIGN_IDENTITY[sdk=iphoneos*]" = "iPhone Developer";
				COPY_PHASE_STRIP = NO;
				DEBUG_INFORMATION_FORMAT = "dwarf-with-dsym";
				ENABLE_NS_ASSERTIONS = NO;
				ENABLE_STRICT_OBJC_MSGSEND = YES;
				GCC_C_LANGUAGE_STANDARD = gnu99;
				GCC_NO_COMMON_BLOCKS = YES;
				GCC_WARN_64_TO_32_BIT_CONVERSION = YES;
				GCC_WARN_ABOUT_RETURN_TYPE = YES_ERROR;
				GCC_WARN_UNDECLARED_SELECTOR = YES;
				GCC_WARN_UNINITIALIZED_AUTOS = YES_AGGRESSIVE;
				GCC_WARN_UNUSED_FUNCTION = YES;
				GCC_WARN_UNUSED_VARIABLE = YES;
				IPHONEOS_DEPLOYMENT_TARGET = 9.1;
				MTL_ENABLE_DEBUG_INFO = NO;
				SDKROOT = iphoneos;
				VALIDATE_PRODUCT = YES;
			};
			name = Release;
		};
		12471D4B1BD1810B00B86052 /* Debug */ = {
			isa = XCBuildConfiguration;
			baseConfigurationReference = 854FCD053DEF9FF5B7F39C13 /* Pods-Smart Citizen.debug.xcconfig */;
			buildSettings = {
				ASSETCATALOG_COMPILER_APPICON_NAME = AppIcon;
				DEBUG_INFORMATION_FORMAT = "dwarf-with-dsym";
				INFOPLIST_FILE = "Smart Citizen/Info.plist";
				LD_RUNPATH_SEARCH_PATHS = "$(inherited) @executable_path/Frameworks";
				PRODUCT_BUNDLE_IDENTIFIER = "com.mustafahasturk.Smart-Citizen";
				PRODUCT_NAME = "$(TARGET_NAME)";
			};
			name = Debug;
		};
		12471D4C1BD1810B00B86052 /* Release */ = {
			isa = XCBuildConfiguration;
			baseConfigurationReference = 8E8905E275882DD137000AC6 /* Pods-Smart Citizen.release.xcconfig */;
			buildSettings = {
				ASSETCATALOG_COMPILER_APPICON_NAME = AppIcon;
				DEBUG_INFORMATION_FORMAT = "dwarf-with-dsym";
				INFOPLIST_FILE = "Smart Citizen/Info.plist";
				LD_RUNPATH_SEARCH_PATHS = "$(inherited) @executable_path/Frameworks";
				PRODUCT_BUNDLE_IDENTIFIER = "com.mustafahasturk.Smart-Citizen";
				PRODUCT_NAME = "$(TARGET_NAME)";
			};
			name = Release;
		};
/* End XCBuildConfiguration section */

/* Begin XCConfigurationList section */
		12471D331BD1810A00B86052 /* Build configuration list for PBXProject "Smart Citizen" */ = {
			isa = XCConfigurationList;
			buildConfigurations = (
				12471D481BD1810B00B86052 /* Debug */,
				12471D491BD1810B00B86052 /* Release */,
			);
			defaultConfigurationIsVisible = 0;
			defaultConfigurationName = Release;
		};
		12471D4A1BD1810B00B86052 /* Build configuration list for PBXNativeTarget "Smart Citizen" */ = {
			isa = XCConfigurationList;
			buildConfigurations = (
				12471D4B1BD1810B00B86052 /* Debug */,
				12471D4C1BD1810B00B86052 /* Release */,
			);
			defaultConfigurationIsVisible = 0;
			defaultConfigurationName = Release;
		};
/* End XCConfigurationList section */
	};
	rootObject = 12471D301BD1810A00B86052 /* Project object */;
}
