// !$*UTF8*$!
{
	archiveVersion = 1;
	classes = {
	};
	objectVersion = 46;
	objects = {

/* Begin PBXBuildFile section */
		12471D3C1BD1810A00B86052 /* AppDelegate.swift in Sources */ = {isa = PBXBuildFile; fileRef = 12471D3B1BD1810A00B86052 /* AppDelegate.swift */; };
		12471D3E1BD1810A00B86052 /* ViewController.swift in Sources */ = {isa = PBXBuildFile; fileRef = 12471D3D1BD1810A00B86052 /* ViewController.swift */; };
		12471D411BD1810A00B86052 /* Main.storyboard in Resources */ = {isa = PBXBuildFile; fileRef = 12471D3F1BD1810A00B86052 /* Main.storyboard */; };
		12471D431BD1810A00B86052 /* Assets.xcassets in Resources */ = {isa = PBXBuildFile; fileRef = 12471D421BD1810A00B86052 /* Assets.xcassets */; };
		12471D461BD1810B00B86052 /* LaunchScreen.storyboard in Resources */ = {isa = PBXBuildFile; fileRef = 12471D441BD1810B00B86052 /* LaunchScreen.storyboard */; };
		12D0EEF91BD6EB0B006A2801 /* .gitignore in Resources */ = {isa = PBXBuildFile; fileRef = 12D0EEF81BD6EB0B006A2801 /* .gitignore */; };
		12F497131C00B365001E3EB1 /* Podfile in Resources */ = {isa = PBXBuildFile; fileRef = 12F497121C00B365001E3EB1 /* Podfile */; };
		73F7D6F2B74289678569F141 /* Pods_Smart_Citizen.framework in Frameworks */ = {isa = PBXBuildFile; fileRef = B4DDC2688F4AA6A16BA4C347 /* Pods_Smart_Citizen.framework */; };
/* End PBXBuildFile section */

/* Begin PBXFileReference section */
		12471D381BD1810A00B86052 /* Smart Citizen.app */ = {isa = PBXFileReference; explicitFileType = wrapper.application; includeInIndex = 0; path = "Smart Citizen.app"; sourceTree = BUILT_PRODUCTS_DIR; };
		12471D3B1BD1810A00B86052 /* AppDelegate.swift */ = {isa = PBXFileReference; lastKnownFileType = sourcecode.swift; path = AppDelegate.swift; sourceTree = "<group>"; };
		12471D3D1BD1810A00B86052 /* ViewController.swift */ = {isa = PBXFileReference; lastKnownFileType = sourcecode.swift; path = ViewController.swift; sourceTree = "<group>"; };
		12471D401BD1810A00B86052 /* Base */ = {isa = PBXFileReference; lastKnownFileType = file.storyboard; name = Base; path = Base.lproj/Main.storyboard; sourceTree = "<group>"; };
		12471D421BD1810A00B86052 /* Assets.xcassets */ = {isa = PBXFileReference; lastKnownFileType = folder.assetcatalog; path = Assets.xcassets; sourceTree = "<group>"; };
		12471D451BD1810B00B86052 /* Base */ = {isa = PBXFileReference; lastKnownFileType = file.storyboard; name = Base; path = Base.lproj/LaunchScreen.storyboard; sourceTree = "<group>"; };
		12471D471BD1810B00B86052 /* Info.plist */ = {isa = PBXFileReference; lastKnownFileType = text.plist.xml; name = Info.plist; path = "Smart Citizen/Info.plist"; sourceTree = "<group>"; };
		12D0EEF81BD6EB0B006A2801 /* .gitignore */ = {isa = PBXFileReference; fileEncoding = 4; lastKnownFileType = text; path = .gitignore; sourceTree = "<group>"; };
		12D0EEFC1BD6EBA6006A2801 /* README.md */ = {isa = PBXFileReference; fileEncoding = 4; lastKnownFileType = net.daringfireball.markdown; path = README.md; sourceTree = "<group>"; };
		12F497121C00B365001E3EB1 /* Podfile */ = {isa = PBXFileReference; fileEncoding = 4; lastKnownFileType = text; path = Podfile; sourceTree = "<group>"; xcLanguageSpecificationIdentifier = xcode.lang.ruby; };
		29F94C4A4F57303150764A58 /* Pods-Smart Citizen.debug.xcconfig */ = {isa = PBXFileReference; includeInIndex = 1; lastKnownFileType = text.xcconfig; name = "Pods-Smart Citizen.debug.xcconfig"; path = "Pods/Target Support Files/Pods-Smart Citizen/Pods-Smart Citizen.debug.xcconfig"; sourceTree = "<group>"; };
		54E65250C7549C151112A51A /* Pods-Smart Citizen.release.xcconfig */ = {isa = PBXFileReference; includeInIndex = 1; lastKnownFileType = text.xcconfig; name = "Pods-Smart Citizen.release.xcconfig"; path = "Pods/Target Support Files/Pods-Smart Citizen/Pods-Smart Citizen.release.xcconfig"; sourceTree = "<group>"; };
		B4DDC2688F4AA6A16BA4C347 /* Pods_Smart_Citizen.framework */ = {isa = PBXFileReference; explicitFileType = wrapper.framework; includeInIndex = 0; path = Pods_Smart_Citizen.framework; sourceTree = BUILT_PRODUCTS_DIR; };
/* End PBXFileReference section */

/* Begin PBXFrameworksBuildPhase section */
		12471D351BD1810A00B86052 /* Frameworks */ = {
			isa = PBXFrameworksBuildPhase;
			buildActionMask = 2147483647;
			files = (
				73F7D6F2B74289678569F141 /* Pods_Smart_Citizen.framework in Frameworks */,
			);
			runOnlyForDeploymentPostprocessing = 0;
		};
/* End PBXFrameworksBuildPhase section */

/* Begin PBXGroup section */
		12471D2F1BD1810A00B86052 = {
			isa = PBXGroup;
			children = (
				12471D3A1BD1810A00B86052 /* Smart Citizen */,
				12471D391BD1810A00B86052 /* Products */,
				F83BB0102D35DCEE23AD3952 /* Pods */,
				783FC9C7503786DC10477A50 /* Frameworks */,
			);
			sourceTree = "<group>";
		};
		12471D391BD1810A00B86052 /* Products */ = {
			isa = PBXGroup;
			children = (
				12471D381BD1810A00B86052 /* Smart Citizen.app */,
			);
			name = Products;
			sourceTree = "<group>";
		};
		12471D3A1BD1810A00B86052 /* Smart Citizen */ = {
			isa = PBXGroup;
			children = (
				12D0EEFE1BD6EBC3006A2801 /* Core */,
				12D0EEFA1BD6EB37006A2801 /* Controller */,
				125A64531BFFCB7500E955E2 /* Library */,
				12D0EEFB1BD6EB42006A2801 /* Model */,
				12471D3B1BD1810A00B86052 /* AppDelegate.swift */,
				12471D3D1BD1810A00B86052 /* ViewController.swift */,
				12471D3F1BD1810A00B86052 /* Main.storyboard */,
				12471D421BD1810A00B86052 /* Assets.xcassets */,
				12471D441BD1810B00B86052 /* LaunchScreen.storyboard */,
				12D0EEF71BD6EA34006A2801 /* Support */,
			);
			path = "Smart Citizen";
			sourceTree = "<group>";
		};
		125A64531BFFCB7500E955E2 /* Library */ = {
			isa = PBXGroup;
			children = (
			);
			name = Library;
			sourceTree = "<group>";
		};
		12D0EEF71BD6EA34006A2801 /* Support */ = {
			isa = PBXGroup;
			children = (
				12F497121C00B365001E3EB1 /* Podfile */,
				12D0EEF81BD6EB0B006A2801 /* .gitignore */,
				12471D471BD1810B00B86052 /* Info.plist */,
				12D0EEFC1BD6EBA6006A2801 /* README.md */,
			);
			name = Support;
			path = ..;
			sourceTree = "<group>";
		};
		12D0EEFA1BD6EB37006A2801 /* Controller */ = {
			isa = PBXGroup;
			children = (
			);
			name = Controller;
			sourceTree = "<group>";
		};
		12D0EEFB1BD6EB42006A2801 /* Model */ = {
			isa = PBXGroup;
			children = (
			);
			name = Model;
			sourceTree = "<group>";
		};
		12D0EEFE1BD6EBC3006A2801 /* Core */ = {
			isa = PBXGroup;
			children = (
			);
			name = Core;
			sourceTree = "<group>";
		};
		783FC9C7503786DC10477A50 /* Frameworks */ = {
			isa = PBXGroup;
			children = (
				B4DDC2688F4AA6A16BA4C347 /* Pods_Smart_Citizen.framework */,
			);
			name = Frameworks;
			sourceTree = "<group>";
		};
		F83BB0102D35DCEE23AD3952 /* Pods */ = {
			isa = PBXGroup;
			children = (
				29F94C4A4F57303150764A58 /* Pods-Smart Citizen.debug.xcconfig */,
				54E65250C7549C151112A51A /* Pods-Smart Citizen.release.xcconfig */,
			);
			name = Pods;
			sourceTree = "<group>";
		};
/* End PBXGroup section */

/* Begin PBXNativeTarget section */
		12471D371BD1810A00B86052 /* Smart Citizen */ = {
			isa = PBXNativeTarget;
			buildConfigurationList = 12471D4A1BD1810B00B86052 /* Build configuration list for PBXNativeTarget "Smart Citizen" */;
			buildPhases = (
				25CE0620D36FEEFE915596A5 /* Check Pods Manifest.lock */,
				12471D341BD1810A00B86052 /* Sources */,
				12471D351BD1810A00B86052 /* Frameworks */,
				12471D361BD1810A00B86052 /* Resources */,
				3B763D92D6A90E7031B11F46 /* Embed Pods Frameworks */,
				FF86F673623CB9F93334AD6A /* Copy Pods Resources */,
			);
			buildRules = (
			);
			dependencies = (
			);
			name = "Smart Citizen";
			productName = "Smart Citizen";
			productReference = 12471D381BD1810A00B86052 /* Smart Citizen.app */;
			productType = "com.apple.product-type.application";
		};
/* End PBXNativeTarget section */

/* Begin PBXProject section */
		12471D301BD1810A00B86052 /* Project object */ = {
			isa = PBXProject;
			attributes = {
				LastUpgradeCheck = 0700;
				ORGANIZATIONNAME = "Mustafa Hastürk";
				TargetAttributes = {
					12471D371BD1810A00B86052 = {
						CreatedOnToolsVersion = 7.0.1;
						DevelopmentTeam = A77EMFAA87;
					};
				};
			};
			buildConfigurationList = 12471D331BD1810A00B86052 /* Build configuration list for PBXProject "Smart Citizen" */;
			compatibilityVersion = "Xcode 3.2";
			developmentRegion = English;
			hasScannedForEncodings = 0;
			knownRegions = (
				en,
				Base,
			);
			mainGroup = 12471D2F1BD1810A00B86052;
			productRefGroup = 12471D391BD1810A00B86052 /* Products */;
			projectDirPath = "";
			projectRoot = "";
			targets = (
				12471D371BD1810A00B86052 /* Smart Citizen */,
			);
		};
/* End PBXProject section */

/* Begin PBXResourcesBuildPhase section */
		12471D361BD1810A00B86052 /* Resources */ = {
			isa = PBXResourcesBuildPhase;
			buildActionMask = 2147483647;
			files = (
				12F497131C00B365001E3EB1 /* Podfile in Resources */,
				12D0EEF91BD6EB0B006A2801 /* .gitignore in Resources */,
				12471D461BD1810B00B86052 /* LaunchScreen.storyboard in Resources */,
				12471D431BD1810A00B86052 /* Assets.xcassets in Resources */,
				12471D411BD1810A00B86052 /* Main.storyboard in Resources */,
			);
			runOnlyForDeploymentPostprocessing = 0;
		};
/* End PBXResourcesBuildPhase section */

/* Begin PBXShellScriptBuildPhase section */
		25CE0620D36FEEFE915596A5 /* Check Pods Manifest.lock */ = {
			isa = PBXShellScriptBuildPhase;
			buildActionMask = 2147483647;
			files = (
			);
			inputPaths = (
			);
			name = "Check Pods Manifest.lock";
			outputPaths = (
			);
			runOnlyForDeploymentPostprocessing = 0;
			shellPath = /bin/sh;
			shellScript = "diff \"${PODS_ROOT}/../Podfile.lock\" \"${PODS_ROOT}/Manifest.lock\" > /dev/null\nif [[ $? != 0 ]] ; then\n    cat << EOM\nerror: The sandbox is not in sync with the Podfile.lock. Run 'pod install' or update your CocoaPods installation.\nEOM\n    exit 1\nfi\n";
			showEnvVarsInLog = 0;
		};
		3B763D92D6A90E7031B11F46 /* Embed Pods Frameworks */ = {
			isa = PBXShellScriptBuildPhase;
			buildActionMask = 2147483647;
			files = (
			);
			inputPaths = (
			);
			name = "Embed Pods Frameworks";
			outputPaths = (
			);
			runOnlyForDeploymentPostprocessing = 0;
			shellPath = /bin/sh;
			shellScript = "\"${SRCROOT}/Pods/Target Support Files/Pods-Smart Citizen/Pods-Smart Citizen-frameworks.sh\"\n";
			showEnvVarsInLog = 0;
		};
		FF86F673623CB9F93334AD6A /* Copy Pods Resources */ = {
			isa = PBXShellScriptBuildPhase;
			buildActionMask = 2147483647;
			files = (
			);
			inputPaths = (
			);
			name = "Copy Pods Resources";
			outputPaths = (
			);
			runOnlyForDeploymentPostprocessing = 0;
			shellPath = /bin/sh;
			shellScript = "\"${SRCROOT}/Pods/Target Support Files/Pods-Smart Citizen/Pods-Smart Citizen-resources.sh\"\n";
			showEnvVarsInLog = 0;
		};
/* End PBXShellScriptBuildPhase section */

/* Begin PBXSourcesBuildPhase section */
		12471D341BD1810A00B86052 /* Sources */ = {
			isa = PBXSourcesBuildPhase;
			buildActionMask = 2147483647;
			files = (
				12471D3E1BD1810A00B86052 /* ViewController.swift in Sources */,
				12471D3C1BD1810A00B86052 /* AppDelegate.swift in Sources */,
			);
			runOnlyForDeploymentPostprocessing = 0;
		};
/* End PBXSourcesBuildPhase section */

/* Begin PBXVariantGroup section */
		12471D3F1BD1810A00B86052 /* Main.storyboard */ = {
			isa = PBXVariantGroup;
			children = (
				12471D401BD1810A00B86052 /* Base */,
			);
			name = Main.storyboard;
			sourceTree = "<group>";
		};
		12471D441BD1810B00B86052 /* LaunchScreen.storyboard */ = {
			isa = PBXVariantGroup;
			children = (
				12471D451BD1810B00B86052 /* Base */,
			);
			name = LaunchScreen.storyboard;
			sourceTree = "<group>";
		};
/* End PBXVariantGroup section */

/* Begin XCBuildConfiguration section */
		12471D481BD1810B00B86052 /* Debug */ = {
			isa = XCBuildConfiguration;
			buildSettings = {
				ALWAYS_SEARCH_USER_PATHS = NO;
				CLANG_CXX_LANGUAGE_STANDARD = "gnu++0x";
				CLANG_CXX_LIBRARY = "libc++";
				CLANG_ENABLE_MODULES = YES;
				CLANG_ENABLE_OBJC_ARC = YES;
				CLANG_WARN_BOOL_CONVERSION = YES;
				CLANG_WARN_CONSTANT_CONVERSION = YES;
				CLANG_WARN_DIRECT_OBJC_ISA_USAGE = YES_ERROR;
				CLANG_WARN_EMPTY_BODY = YES;
				CLANG_WARN_ENUM_CONVERSION = YES;
				CLANG_WARN_INT_CONVERSION = YES;
				CLANG_WARN_OBJC_ROOT_CLASS = YES_ERROR;
				CLANG_WARN_UNREACHABLE_CODE = YES;
				CLANG_WARN__DUPLICATE_METHOD_MATCH = YES;
				"CODE_SIGN_IDENTITY[sdk=iphoneos*]" = "iPhone Developer";
				COPY_PHASE_STRIP = NO;
				DEBUG_INFORMATION_FORMAT = dwarf;
				ENABLE_STRICT_OBJC_MSGSEND = YES;
				ENABLE_TESTABILITY = YES;
				GCC_C_LANGUAGE_STANDARD = gnu99;
				GCC_DYNAMIC_NO_PIC = NO;
				GCC_NO_COMMON_BLOCKS = YES;
				GCC_OPTIMIZATION_LEVEL = 0;
				GCC_PREPROCESSOR_DEFINITIONS = (
					"DEBUG=1",
					"$(inherited)",
				);
				GCC_WARN_64_TO_32_BIT_CONVERSION = YES;
				GCC_WARN_ABOUT_RETURN_TYPE = YES_ERROR;
				GCC_WARN_UNDECLARED_SELECTOR = YES;
				GCC_WARN_UNINITIALIZED_AUTOS = YES_AGGRESSIVE;
				GCC_WARN_UNUSED_FUNCTION = YES;
				GCC_WARN_UNUSED_VARIABLE = YES;
				IPHONEOS_DEPLOYMENT_TARGET = 9.0;
				MTL_ENABLE_DEBUG_INFO = YES;
				ONLY_ACTIVE_ARCH = YES;
				SDKROOT = iphoneos;
				SWIFT_OPTIMIZATION_LEVEL = "-Onone";
			};
			name = Debug;
		};
		12471D491BD1810B00B86052 /* Release */ = {
			isa = XCBuildConfiguration;
			buildSettings = {
				ALWAYS_SEARCH_USER_PATHS = NO;
				CLANG_CXX_LANGUAGE_STANDARD = "gnu++0x";
				CLANG_CXX_LIBRARY = "libc++";
				CLANG_ENABLE_MODULES = YES;
				CLANG_ENABLE_OBJC_ARC = YES;
				CLANG_WARN_BOOL_CONVERSION = YES;
				CLANG_WARN_CONSTANT_CONVERSION = YES;
				CLANG_WARN_DIRECT_OBJC_ISA_USAGE = YES_ERROR;
				CLANG_WARN_EMPTY_BODY = YES;
				CLANG_WARN_ENUM_CONVERSION = YES;
				CLANG_WARN_INT_CONVERSION = YES;
				CLANG_WARN_OBJC_ROOT_CLASS = YES_ERROR;
				CLANG_WARN_UNREACHABLE_CODE = YES;
				CLANG_WARN__DUPLICATE_METHOD_MATCH = YES;
				"CODE_SIGN_IDENTITY[sdk=iphoneos*]" = "iPhone Developer";
				COPY_PHASE_STRIP = NO;
				DEBUG_INFORMATION_FORMAT = "dwarf-with-dsym";
				ENABLE_NS_ASSERTIONS = NO;
				ENABLE_STRICT_OBJC_MSGSEND = YES;
				GCC_C_LANGUAGE_STANDARD = gnu99;
				GCC_NO_COMMON_BLOCKS = YES;
				GCC_WARN_64_TO_32_BIT_CONVERSION = YES;
				GCC_WARN_ABOUT_RETURN_TYPE = YES_ERROR;
				GCC_WARN_UNDECLARED_SELECTOR = YES;
				GCC_WARN_UNINITIALIZED_AUTOS = YES_AGGRESSIVE;
				GCC_WARN_UNUSED_FUNCTION = YES;
				GCC_WARN_UNUSED_VARIABLE = YES;
				IPHONEOS_DEPLOYMENT_TARGET = 9.0;
				MTL_ENABLE_DEBUG_INFO = NO;
				SDKROOT = iphoneos;
				VALIDATE_PRODUCT = YES;
			};
			name = Release;
		};
		12471D4B1BD1810B00B86052 /* Debug */ = {
			isa = XCBuildConfiguration;
			baseConfigurationReference = 29F94C4A4F57303150764A58 /* Pods-Smart Citizen.debug.xcconfig */;
			buildSettings = {
				ASSETCATALOG_COMPILER_APPICON_NAME = AppIcon;
				INFOPLIST_FILE = "Smart Citizen/Info.plist";
				LD_RUNPATH_SEARCH_PATHS = "$(inherited) @executable_path/Frameworks";
				PRODUCT_BUNDLE_IDENTIFIER = "com.mustafahasturk.Smart-Citizen";
				PRODUCT_NAME = "$(TARGET_NAME)";
			};
			name = Debug;
		};
		12471D4C1BD1810B00B86052 /* Release */ = {
			isa = XCBuildConfiguration;
			baseConfigurationReference = 54E65250C7549C151112A51A /* Pods-Smart Citizen.release.xcconfig */;
			buildSettings = {
				ASSETCATALOG_COMPILER_APPICON_NAME = AppIcon;
				INFOPLIST_FILE = "Smart Citizen/Info.plist";
				LD_RUNPATH_SEARCH_PATHS = "$(inherited) @executable_path/Frameworks";
				PRODUCT_BUNDLE_IDENTIFIER = "com.mustafahasturk.Smart-Citizen";
				PRODUCT_NAME = "$(TARGET_NAME)";
			};
			name = Release;
		};
/* End XCBuildConfiguration section */

/* Begin XCConfigurationList section */
		12471D331BD1810A00B86052 /* Build configuration list for PBXProject "Smart Citizen" */ = {
			isa = XCConfigurationList;
			buildConfigurations = (
				12471D481BD1810B00B86052 /* Debug */,
				12471D491BD1810B00B86052 /* Release */,
			);
			defaultConfigurationIsVisible = 0;
			defaultConfigurationName = Release;
		};
		12471D4A1BD1810B00B86052 /* Build configuration list for PBXNativeTarget "Smart Citizen" */ = {
			isa = XCConfigurationList;
			buildConfigurations = (
				12471D4B1BD1810B00B86052 /* Debug */,
				12471D4C1BD1810B00B86052 /* Release */,
			);
			defaultConfigurationIsVisible = 0;
			defaultConfigurationName = Release;
		};
/* End XCConfigurationList section */
	};
	rootObject = 12471D301BD1810A00B86052 /* Project object */;
}
